Microsoft Visual Studio Solution File, Format Version 12.00
# Visual Studio 15
VisualStudioVersion = 15.0.27703.2035
MinimumVisualStudioVersion = 10.0.40219.1
Project("{FAE04EC0-301F-11D3-BF4B-00C04F79EFBC}") = "XamarinMvvmCross.Native.iOS", "XamarinMvvmCross.Native\XamarinMvvmCross.Native.iOS\XamarinMvvmCross.Native.iOS.csproj", "{6C26DB6C-E336-47CA-9930-1CFEBC352385}"
EndProject
Project("{FAE04EC0-301F-11D3-BF4B-00C04F79EFBC}") = "XamarinMvvmCross.Native.Android", "XamarinMvvmCross.Native\XamarinMvvmCross.Native.Android\XamarinMvvmCross.Native.Android.csproj", "{80CF64A2-585B-48D4-A0FA-E1DB3E3E895A}"
EndProject
Project("{FAE04EC0-301F-11D3-BF4B-00C04F79EFBC}") = "XamarinMvvmCross.Native.UWP", "XamarinMvvmCross.Native\XamarinMvvmCross.Native.UWP\XamarinMvvmCross.Native.UWP.csproj", "{F3C5F5AB-E337-4B7A-8962-80720E97123B}"
EndProject
Project("{2150E333-8FDC-42A3-9474-1A3956D46DE8}") = "Targets", "Targets", "{FEF2901D-6C75-4223-939A-05C7EA45E7B4}"
EndProject
Project("{FAE04EC0-301F-11D3-BF4B-00C04F79EFBC}") = "XamarinMvvmCross.Native.Core", "XamarinMvvmCross.Native.Core\XamarinMvvmCross.Native.Core.csproj", "{4C16970B-0671-4D0A-978F-C2FB96E5EADD}"
EndProject
Project("{FAE04EC0-301F-11D3-BF4B-00C04F79EFBC}") = "XamarinMvvmCross.Native.Model", "XamarinMvvmCross.Native.Model\XamarinMvvmCross.Native.Model.csproj", "{AC034952-92C3-4C03-B333-D516598DCC20}"
EndProject
Global
	GlobalSection(SolutionConfigurationPlatforms) = preSolution
		Ad-Hoc|Any CPU = Ad-Hoc|Any CPU
		Ad-Hoc|ARM = Ad-Hoc|ARM
		Ad-Hoc|iPhone = Ad-Hoc|iPhone
		Ad-Hoc|iPhoneSimulator = Ad-Hoc|iPhoneSimulator
		Ad-Hoc|x64 = Ad-Hoc|x64
		Ad-Hoc|x86 = Ad-Hoc|x86
		AppStore|Any CPU = AppStore|Any CPU
		AppStore|ARM = AppStore|ARM
		AppStore|iPhone = AppStore|iPhone
		AppStore|iPhoneSimulator = AppStore|iPhoneSimulator
		AppStore|x64 = AppStore|x64
		AppStore|x86 = AppStore|x86
		Debug|Any CPU = Debug|Any CPU
		Debug|ARM = Debug|ARM
		Debug|iPhone = Debug|iPhone
		Debug|iPhoneSimulator = Debug|iPhoneSimulator
		Debug|x64 = Debug|x64
		Debug|x86 = Debug|x86
		Release|Any CPU = Release|Any CPU
		Release|ARM = Release|ARM
		Release|iPhone = Release|iPhone
		Release|iPhoneSimulator = Release|iPhoneSimulator
		Release|x64 = Release|x64
		Release|x86 = Release|x86
	EndGlobalSection
	GlobalSection(ProjectConfigurationPlatforms) = postSolution
		{6C26DB6C-E336-47CA-9930-1CFEBC352385}.Ad-Hoc|Any CPU.ActiveCfg = Release|iPhone
		{6C26DB6C-E336-47CA-9930-1CFEBC352385}.Ad-Hoc|Any CPU.Build.0 = Release|iPhone
		{6C26DB6C-E336-47CA-9930-1CFEBC352385}.Ad-Hoc|ARM.ActiveCfg = Release|iPhone
		{6C26DB6C-E336-47CA-9930-1CFEBC352385}.Ad-Hoc|ARM.Build.0 = Release|iPhone
		{6C26DB6C-E336-47CA-9930-1CFEBC352385}.Ad-Hoc|iPhone.ActiveCfg = Release|iPhone
		{6C26DB6C-E336-47CA-9930-1CFEBC352385}.Ad-Hoc|iPhone.Build.0 = Release|iPhone
		{6C26DB6C-E336-47CA-9930-1CFEBC352385}.Ad-Hoc|iPhoneSimulator.ActiveCfg = Release|iPhoneSimulator
		{6C26DB6C-E336-47CA-9930-1CFEBC352385}.Ad-Hoc|iPhoneSimulator.Build.0 = Release|iPhoneSimulator
		{6C26DB6C-E336-47CA-9930-1CFEBC352385}.Ad-Hoc|x64.ActiveCfg = Release|iPhone
		{6C26DB6C-E336-47CA-9930-1CFEBC352385}.Ad-Hoc|x64.Build.0 = Release|iPhone
		{6C26DB6C-E336-47CA-9930-1CFEBC352385}.Ad-Hoc|x86.ActiveCfg = Release|iPhone
		{6C26DB6C-E336-47CA-9930-1CFEBC352385}.Ad-Hoc|x86.Build.0 = Release|iPhone
		{6C26DB6C-E336-47CA-9930-1CFEBC352385}.AppStore|Any CPU.ActiveCfg = Release|iPhone
		{6C26DB6C-E336-47CA-9930-1CFEBC352385}.AppStore|Any CPU.Build.0 = Release|iPhone
		{6C26DB6C-E336-47CA-9930-1CFEBC352385}.AppStore|ARM.ActiveCfg = Release|iPhone
		{6C26DB6C-E336-47CA-9930-1CFEBC352385}.AppStore|ARM.Build.0 = Release|iPhone
		{6C26DB6C-E336-47CA-9930-1CFEBC352385}.AppStore|iPhone.ActiveCfg = Release|iPhone
		{6C26DB6C-E336-47CA-9930-1CFEBC352385}.AppStore|iPhone.Build.0 = Release|iPhone
		{6C26DB6C-E336-47CA-9930-1CFEBC352385}.AppStore|iPhoneSimulator.ActiveCfg = Release|iPhoneSimulator
		{6C26DB6C-E336-47CA-9930-1CFEBC352385}.AppStore|iPhoneSimulator.Build.0 = Release|iPhoneSimulator
		{6C26DB6C-E336-47CA-9930-1CFEBC352385}.AppStore|x64.ActiveCfg = Release|iPhone
		{6C26DB6C-E336-47CA-9930-1CFEBC352385}.AppStore|x64.Build.0 = Release|iPhone
		{6C26DB6C-E336-47CA-9930-1CFEBC352385}.AppStore|x86.ActiveCfg = Release|iPhone
		{6C26DB6C-E336-47CA-9930-1CFEBC352385}.AppStore|x86.Build.0 = Release|iPhone
		{6C26DB6C-E336-47CA-9930-1CFEBC352385}.Debug|Any CPU.ActiveCfg = Debug|iPhone
		{6C26DB6C-E336-47CA-9930-1CFEBC352385}.Debug|ARM.ActiveCfg = Debug|iPhone
		{6C26DB6C-E336-47CA-9930-1CFEBC352385}.Debug|iPhone.ActiveCfg = Debug|iPhone
		{6C26DB6C-E336-47CA-9930-1CFEBC352385}.Debug|iPhone.Build.0 = Debug|iPhone
		{6C26DB6C-E336-47CA-9930-1CFEBC352385}.Debug|iPhoneSimulator.ActiveCfg = Debug|iPhoneSimulator
		{6C26DB6C-E336-47CA-9930-1CFEBC352385}.Debug|iPhoneSimulator.Build.0 = Debug|iPhoneSimulator
		{6C26DB6C-E336-47CA-9930-1CFEBC352385}.Debug|x64.ActiveCfg = Debug|iPhone
		{6C26DB6C-E336-47CA-9930-1CFEBC352385}.Debug|x86.ActiveCfg = Debug|iPhone
		{6C26DB6C-E336-47CA-9930-1CFEBC352385}.Release|Any CPU.ActiveCfg = Release|iPhone
		{6C26DB6C-E336-47CA-9930-1CFEBC352385}.Release|ARM.ActiveCfg = Release|iPhone
		{6C26DB6C-E336-47CA-9930-1CFEBC352385}.Release|iPhone.ActiveCfg = Release|iPhone
		{6C26DB6C-E336-47CA-9930-1CFEBC352385}.Release|iPhone.Build.0 = Release|iPhone
		{6C26DB6C-E336-47CA-9930-1CFEBC352385}.Release|iPhoneSimulator.ActiveCfg = Release|iPhoneSimulator
		{6C26DB6C-E336-47CA-9930-1CFEBC352385}.Release|iPhoneSimulator.Build.0 = Release|iPhoneSimulator
		{6C26DB6C-E336-47CA-9930-1CFEBC352385}.Release|x64.ActiveCfg = Release|iPhone
		{6C26DB6C-E336-47CA-9930-1CFEBC352385}.Release|x86.ActiveCfg = Release|iPhone
		{80CF64A2-585B-48D4-A0FA-E1DB3E3E895A}.Ad-Hoc|Any CPU.ActiveCfg = Release|Any CPU
		{80CF64A2-585B-48D4-A0FA-E1DB3E3E895A}.Ad-Hoc|Any CPU.Build.0 = Release|Any CPU
		{80CF64A2-585B-48D4-A0FA-E1DB3E3E895A}.Ad-Hoc|Any CPU.Deploy.0 = Release|Any CPU
		{80CF64A2-585B-48D4-A0FA-E1DB3E3E895A}.Ad-Hoc|ARM.ActiveCfg = Release|Any CPU
		{80CF64A2-585B-48D4-A0FA-E1DB3E3E895A}.Ad-Hoc|ARM.Build.0 = Release|Any CPU
		{80CF64A2-585B-48D4-A0FA-E1DB3E3E895A}.Ad-Hoc|ARM.Deploy.0 = Release|Any CPU
		{80CF64A2-585B-48D4-A0FA-E1DB3E3E895A}.Ad-Hoc|iPhone.ActiveCfg = Release|Any CPU
		{80CF64A2-585B-48D4-A0FA-E1DB3E3E895A}.Ad-Hoc|iPhone.Build.0 = Release|Any CPU
		{80CF64A2-585B-48D4-A0FA-E1DB3E3E895A}.Ad-Hoc|iPhone.Deploy.0 = Release|Any CPU
		{80CF64A2-585B-48D4-A0FA-E1DB3E3E895A}.Ad-Hoc|iPhoneSimulator.ActiveCfg = Release|Any CPU
		{80CF64A2-585B-48D4-A0FA-E1DB3E3E895A}.Ad-Hoc|iPhoneSimulator.Build.0 = Release|Any CPU
		{80CF64A2-585B-48D4-A0FA-E1DB3E3E895A}.Ad-Hoc|iPhoneSimulator.Deploy.0 = Release|Any CPU
		{80CF64A2-585B-48D4-A0FA-E1DB3E3E895A}.Ad-Hoc|x64.ActiveCfg = Release|Any CPU
		{80CF64A2-585B-48D4-A0FA-E1DB3E3E895A}.Ad-Hoc|x64.Build.0 = Release|Any CPU
		{80CF64A2-585B-48D4-A0FA-E1DB3E3E895A}.Ad-Hoc|x64.Deploy.0 = Release|Any CPU
		{80CF64A2-585B-48D4-A0FA-E1DB3E3E895A}.Ad-Hoc|x86.ActiveCfg = Release|Any CPU
		{80CF64A2-585B-48D4-A0FA-E1DB3E3E895A}.Ad-Hoc|x86.Build.0 = Release|Any CPU
		{80CF64A2-585B-48D4-A0FA-E1DB3E3E895A}.Ad-Hoc|x86.Deploy.0 = Release|Any CPU
		{80CF64A2-585B-48D4-A0FA-E1DB3E3E895A}.AppStore|Any CPU.ActiveCfg = Release|Any CPU
		{80CF64A2-585B-48D4-A0FA-E1DB3E3E895A}.AppStore|Any CPU.Build.0 = Release|Any CPU
		{80CF64A2-585B-48D4-A0FA-E1DB3E3E895A}.AppStore|Any CPU.Deploy.0 = Release|Any CPU
		{80CF64A2-585B-48D4-A0FA-E1DB3E3E895A}.AppStore|ARM.ActiveCfg = Release|Any CPU
		{80CF64A2-585B-48D4-A0FA-E1DB3E3E895A}.AppStore|ARM.Build.0 = Release|Any CPU
		{80CF64A2-585B-48D4-A0FA-E1DB3E3E895A}.AppStore|ARM.Deploy.0 = Release|Any CPU
		{80CF64A2-585B-48D4-A0FA-E1DB3E3E895A}.AppStore|iPhone.ActiveCfg = Release|Any CPU
		{80CF64A2-585B-48D4-A0FA-E1DB3E3E895A}.AppStore|iPhone.Build.0 = Release|Any CPU
		{80CF64A2-585B-48D4-A0FA-E1DB3E3E895A}.AppStore|iPhone.Deploy.0 = Release|Any CPU
		{80CF64A2-585B-48D4-A0FA-E1DB3E3E895A}.AppStore|iPhoneSimulator.ActiveCfg = Release|Any CPU
		{80CF64A2-585B-48D4-A0FA-E1DB3E3E895A}.AppStore|iPhoneSimulator.Build.0 = Release|Any CPU
		{80CF64A2-585B-48D4-A0FA-E1DB3E3E895A}.AppStore|iPhoneSimulator.Deploy.0 = Release|Any CPU
		{80CF64A2-585B-48D4-A0FA-E1DB3E3E895A}.AppStore|x64.ActiveCfg = Release|Any CPU
		{80CF64A2-585B-48D4-A0FA-E1DB3E3E895A}.AppStore|x64.Build.0 = Release|Any CPU
		{80CF64A2-585B-48D4-A0FA-E1DB3E3E895A}.AppStore|x64.Deploy.0 = Release|Any CPU
		{80CF64A2-585B-48D4-A0FA-E1DB3E3E895A}.AppStore|x86.ActiveCfg = Release|Any CPU
		{80CF64A2-585B-48D4-A0FA-E1DB3E3E895A}.AppStore|x86.Build.0 = Release|Any CPU
		{80CF64A2-585B-48D4-A0FA-E1DB3E3E895A}.AppStore|x86.Deploy.0 = Release|Any CPU
		{80CF64A2-585B-48D4-A0FA-E1DB3E3E895A}.Debug|Any CPU.ActiveCfg = Debug|Any CPU
		{80CF64A2-585B-48D4-A0FA-E1DB3E3E895A}.Debug|Any CPU.Build.0 = Debug|Any CPU
		{80CF64A2-585B-48D4-A0FA-E1DB3E3E895A}.Debug|Any CPU.Deploy.0 = Debug|Any CPU
		{80CF64A2-585B-48D4-A0FA-E1DB3E3E895A}.Debug|ARM.ActiveCfg = Debug|Any CPU
		{80CF64A2-585B-48D4-A0FA-E1DB3E3E895A}.Debug|ARM.Build.0 = Debug|Any CPU
		{80CF64A2-585B-48D4-A0FA-E1DB3E3E895A}.Debug|ARM.Deploy.0 = Debug|Any CPU
		{80CF64A2-585B-48D4-A0FA-E1DB3E3E895A}.Debug|iPhone.ActiveCfg = Debug|Any CPU
		{80CF64A2-585B-48D4-A0FA-E1DB3E3E895A}.Debug|iPhone.Build.0 = Debug|Any CPU
		{80CF64A2-585B-48D4-A0FA-E1DB3E3E895A}.Debug|iPhone.Deploy.0 = Debug|Any CPU
		{80CF64A2-585B-48D4-A0FA-E1DB3E3E895A}.Debug|iPhoneSimulator.ActiveCfg = Debug|Any CPU
		{80CF64A2-585B-48D4-A0FA-E1DB3E3E895A}.Debug|iPhoneSimulator.Build.0 = Debug|Any CPU
		{80CF64A2-585B-48D4-A0FA-E1DB3E3E895A}.Debug|iPhoneSimulator.Deploy.0 = Debug|Any CPU
		{80CF64A2-585B-48D4-A0FA-E1DB3E3E895A}.Debug|x64.ActiveCfg = Debug|Any CPU
		{80CF64A2-585B-48D4-A0FA-E1DB3E3E895A}.Debug|x64.Build.0 = Debug|Any CPU
		{80CF64A2-585B-48D4-A0FA-E1DB3E3E895A}.Debug|x64.Deploy.0 = Debug|Any CPU
		{80CF64A2-585B-48D4-A0FA-E1DB3E3E895A}.Debug|x86.ActiveCfg = Debug|Any CPU
		{80CF64A2-585B-48D4-A0FA-E1DB3E3E895A}.Debug|x86.Build.0 = Debug|Any CPU
		{80CF64A2-585B-48D4-A0FA-E1DB3E3E895A}.Debug|x86.Deploy.0 = Debug|Any CPU
		{80CF64A2-585B-48D4-A0FA-E1DB3E3E895A}.Release|Any CPU.ActiveCfg = Release|Any CPU
		{80CF64A2-585B-48D4-A0FA-E1DB3E3E895A}.Release|Any CPU.Build.0 = Release|Any CPU
		{80CF64A2-585B-48D4-A0FA-E1DB3E3E895A}.Release|Any CPU.Deploy.0 = Release|Any CPU
		{80CF64A2-585B-48D4-A0FA-E1DB3E3E895A}.Release|ARM.ActiveCfg = Release|Any CPU
		{80CF64A2-585B-48D4-A0FA-E1DB3E3E895A}.Release|ARM.Build.0 = Release|Any CPU
		{80CF64A2-585B-48D4-A0FA-E1DB3E3E895A}.Release|ARM.Deploy.0 = Release|Any CPU
		{80CF64A2-585B-48D4-A0FA-E1DB3E3E895A}.Release|iPhone.ActiveCfg = Release|Any CPU
		{80CF64A2-585B-48D4-A0FA-E1DB3E3E895A}.Release|iPhone.Build.0 = Release|Any CPU
		{80CF64A2-585B-48D4-A0FA-E1DB3E3E895A}.Release|iPhone.Deploy.0 = Release|Any CPU
		{80CF64A2-585B-48D4-A0FA-E1DB3E3E895A}.Release|iPhoneSimulator.ActiveCfg = Release|Any CPU
		{80CF64A2-585B-48D4-A0FA-E1DB3E3E895A}.Release|iPhoneSimulator.Build.0 = Release|Any CPU
		{80CF64A2-585B-48D4-A0FA-E1DB3E3E895A}.Release|iPhoneSimulator.Deploy.0 = Release|Any CPU
		{80CF64A2-585B-48D4-A0FA-E1DB3E3E895A}.Release|x64.ActiveCfg = Release|Any CPU
		{80CF64A2-585B-48D4-A0FA-E1DB3E3E895A}.Release|x64.Build.0 = Release|Any CPU
		{80CF64A2-585B-48D4-A0FA-E1DB3E3E895A}.Release|x64.Deploy.0 = Release|Any CPU
		{80CF64A2-585B-48D4-A0FA-E1DB3E3E895A}.Release|x86.ActiveCfg = Release|Any CPU
		{80CF64A2-585B-48D4-A0FA-E1DB3E3E895A}.Release|x86.Build.0 = Release|Any CPU
		{80CF64A2-585B-48D4-A0FA-E1DB3E3E895A}.Release|x86.Deploy.0 = Release|Any CPU
		{F3C5F5AB-E337-4B7A-8962-80720E97123B}.Ad-Hoc|Any CPU.ActiveCfg = Release|x86
		{F3C5F5AB-E337-4B7A-8962-80720E97123B}.Ad-Hoc|Any CPU.Build.0 = Release|x86
		{F3C5F5AB-E337-4B7A-8962-80720E97123B}.Ad-Hoc|Any CPU.Deploy.0 = Release|x86
		{F3C5F5AB-E337-4B7A-8962-80720E97123B}.Ad-Hoc|ARM.ActiveCfg = Release|ARM
		{F3C5F5AB-E337-4B7A-8962-80720E97123B}.Ad-Hoc|ARM.Build.0 = Release|ARM
		{F3C5F5AB-E337-4B7A-8962-80720E97123B}.Ad-Hoc|ARM.Deploy.0 = Release|ARM
		{F3C5F5AB-E337-4B7A-8962-80720E97123B}.Ad-Hoc|iPhone.ActiveCfg = Release|x86
		{F3C5F5AB-E337-4B7A-8962-80720E97123B}.Ad-Hoc|iPhone.Build.0 = Release|x86
		{F3C5F5AB-E337-4B7A-8962-80720E97123B}.Ad-Hoc|iPhone.Deploy.0 = Release|x86
		{F3C5F5AB-E337-4B7A-8962-80720E97123B}.Ad-Hoc|iPhoneSimulator.ActiveCfg = Release|x86
		{F3C5F5AB-E337-4B7A-8962-80720E97123B}.Ad-Hoc|iPhoneSimulator.Build.0 = Release|x86
		{F3C5F5AB-E337-4B7A-8962-80720E97123B}.Ad-Hoc|iPhoneSimulator.Deploy.0 = Release|x86
		{F3C5F5AB-E337-4B7A-8962-80720E97123B}.Ad-Hoc|x64.ActiveCfg = Release|x64
		{F3C5F5AB-E337-4B7A-8962-80720E97123B}.Ad-Hoc|x64.Build.0 = Release|x64
		{F3C5F5AB-E337-4B7A-8962-80720E97123B}.Ad-Hoc|x64.Deploy.0 = Release|x64
		{F3C5F5AB-E337-4B7A-8962-80720E97123B}.Ad-Hoc|x86.ActiveCfg = Release|x86
		{F3C5F5AB-E337-4B7A-8962-80720E97123B}.Ad-Hoc|x86.Build.0 = Release|x86
		{F3C5F5AB-E337-4B7A-8962-80720E97123B}.Ad-Hoc|x86.Deploy.0 = Release|x86
		{F3C5F5AB-E337-4B7A-8962-80720E97123B}.AppStore|Any CPU.ActiveCfg = Release|x86
		{F3C5F5AB-E337-4B7A-8962-80720E97123B}.AppStore|Any CPU.Build.0 = Release|x86
		{F3C5F5AB-E337-4B7A-8962-80720E97123B}.AppStore|Any CPU.Deploy.0 = Release|x86
		{F3C5F5AB-E337-4B7A-8962-80720E97123B}.AppStore|ARM.ActiveCfg = Release|ARM
		{F3C5F5AB-E337-4B7A-8962-80720E97123B}.AppStore|ARM.Build.0 = Release|ARM
		{F3C5F5AB-E337-4B7A-8962-80720E97123B}.AppStore|ARM.Deploy.0 = Release|ARM
		{F3C5F5AB-E337-4B7A-8962-80720E97123B}.AppStore|iPhone.ActiveCfg = Release|x86
		{F3C5F5AB-E337-4B7A-8962-80720E97123B}.AppStore|iPhone.Build.0 = Release|x86
		{F3C5F5AB-E337-4B7A-8962-80720E97123B}.AppStore|iPhone.Deploy.0 = Release|x86
		{F3C5F5AB-E337-4B7A-8962-80720E97123B}.AppStore|iPhoneSimulator.ActiveCfg = Release|x86
		{F3C5F5AB-E337-4B7A-8962-80720E97123B}.AppStore|iPhoneSimulator.Build.0 = Release|x86
		{F3C5F5AB-E337-4B7A-8962-80720E97123B}.AppStore|iPhoneSimulator.Deploy.0 = Release|x86
		{F3C5F5AB-E337-4B7A-8962-80720E97123B}.AppStore|x64.ActiveCfg = Release|x64
		{F3C5F5AB-E337-4B7A-8962-80720E97123B}.AppStore|x64.Build.0 = Release|x64
		{F3C5F5AB-E337-4B7A-8962-80720E97123B}.AppStore|x64.Deploy.0 = Release|x64
		{F3C5F5AB-E337-4B7A-8962-80720E97123B}.AppStore|x86.ActiveCfg = Release|x86
		{F3C5F5AB-E337-4B7A-8962-80720E97123B}.AppStore|x86.Build.0 = Release|x86
		{F3C5F5AB-E337-4B7A-8962-80720E97123B}.AppStore|x86.Deploy.0 = Release|x86
		{F3C5F5AB-E337-4B7A-8962-80720E97123B}.Debug|Any CPU.ActiveCfg = Debug|x86
		{F3C5F5AB-E337-4B7A-8962-80720E97123B}.Debug|ARM.ActiveCfg = Debug|ARM
		{F3C5F5AB-E337-4B7A-8962-80720E97123B}.Debug|ARM.Build.0 = Debug|ARM
		{F3C5F5AB-E337-4B7A-8962-80720E97123B}.Debug|ARM.Deploy.0 = Debug|ARM
		{F3C5F5AB-E337-4B7A-8962-80720E97123B}.Debug|iPhone.ActiveCfg = Debug|x86
		{F3C5F5AB-E337-4B7A-8962-80720E97123B}.Debug|iPhoneSimulator.ActiveCfg = Debug|x86
		{F3C5F5AB-E337-4B7A-8962-80720E97123B}.Debug|x64.ActiveCfg = Debug|x64
		{F3C5F5AB-E337-4B7A-8962-80720E97123B}.Debug|x64.Build.0 = Debug|x64
		{F3C5F5AB-E337-4B7A-8962-80720E97123B}.Debug|x64.Deploy.0 = Debug|x64
		{F3C5F5AB-E337-4B7A-8962-80720E97123B}.Debug|x86.ActiveCfg = Debug|x86
		{F3C5F5AB-E337-4B7A-8962-80720E97123B}.Debug|x86.Build.0 = Debug|x86
		{F3C5F5AB-E337-4B7A-8962-80720E97123B}.Debug|x86.Deploy.0 = Debug|x86
		{F3C5F5AB-E337-4B7A-8962-80720E97123B}.Release|Any CPU.ActiveCfg = Release|x86
		{F3C5F5AB-E337-4B7A-8962-80720E97123B}.Release|ARM.ActiveCfg = Release|ARM
		{F3C5F5AB-E337-4B7A-8962-80720E97123B}.Release|ARM.Build.0 = Release|ARM
		{F3C5F5AB-E337-4B7A-8962-80720E97123B}.Release|ARM.Deploy.0 = Release|ARM
		{F3C5F5AB-E337-4B7A-8962-80720E97123B}.Release|iPhone.ActiveCfg = Release|x86
		{F3C5F5AB-E337-4B7A-8962-80720E97123B}.Release|iPhoneSimulator.ActiveCfg = Release|x86
		{F3C5F5AB-E337-4B7A-8962-80720E97123B}.Release|x64.ActiveCfg = Release|x64
		{F3C5F5AB-E337-4B7A-8962-80720E97123B}.Release|x64.Build.0 = Release|x64
		{F3C5F5AB-E337-4B7A-8962-80720E97123B}.Release|x64.Deploy.0 = Release|x64
		{F3C5F5AB-E337-4B7A-8962-80720E97123B}.Release|x86.ActiveCfg = Release|x86
		{F3C5F5AB-E337-4B7A-8962-80720E97123B}.Release|x86.Build.0 = Release|x86
		{F3C5F5AB-E337-4B7A-8962-80720E97123B}.Release|x86.Deploy.0 = Release|x86
		{4C16970B-0671-4D0A-978F-C2FB96E5EADD}.Ad-Hoc|Any CPU.ActiveCfg = Debug|Any CPU
		{4C16970B-0671-4D0A-978F-C2FB96E5EADD}.Ad-Hoc|Any CPU.Build.0 = Debug|Any CPU
		{4C16970B-0671-4D0A-978F-C2FB96E5EADD}.Ad-Hoc|ARM.ActiveCfg = Debug|Any CPU
		{4C16970B-0671-4D0A-978F-C2FB96E5EADD}.Ad-Hoc|ARM.Build.0 = Debug|Any CPU
		{4C16970B-0671-4D0A-978F-C2FB96E5EADD}.Ad-Hoc|iPhone.ActiveCfg = Debug|Any CPU
		{4C16970B-0671-4D0A-978F-C2FB96E5EADD}.Ad-Hoc|iPhone.Build.0 = Debug|Any CPU
		{4C16970B-0671-4D0A-978F-C2FB96E5EADD}.Ad-Hoc|iPhoneSimulator.ActiveCfg = Debug|Any CPU
		{4C16970B-0671-4D0A-978F-C2FB96E5EADD}.Ad-Hoc|iPhoneSimulator.Build.0 = Debug|Any CPU
		{4C16970B-0671-4D0A-978F-C2FB96E5EADD}.Ad-Hoc|x64.ActiveCfg = Debug|Any CPU
		{4C16970B-0671-4D0A-978F-C2FB96E5EADD}.Ad-Hoc|x64.Build.0 = Debug|Any CPU
		{4C16970B-0671-4D0A-978F-C2FB96E5EADD}.Ad-Hoc|x86.ActiveCfg = Debug|Any CPU
		{4C16970B-0671-4D0A-978F-C2FB96E5EADD}.Ad-Hoc|x86.Build.0 = Debug|Any CPU
		{4C16970B-0671-4D0A-978F-C2FB96E5EADD}.AppStore|Any CPU.ActiveCfg = Debug|Any CPU
		{4C16970B-0671-4D0A-978F-C2FB96E5EADD}.AppStore|Any CPU.Build.0 = Debug|Any CPU
		{4C16970B-0671-4D0A-978F-C2FB96E5EADD}.AppStore|ARM.ActiveCfg = Debug|Any CPU
		{4C16970B-0671-4D0A-978F-C2FB96E5EADD}.AppStore|ARM.Build.0 = Debug|Any CPU
		{4C16970B-0671-4D0A-978F-C2FB96E5EADD}.AppStore|iPhone.ActiveCfg = Debug|Any CPU
		{4C16970B-0671-4D0A-978F-C2FB96E5EADD}.AppStore|iPhone.Build.0 = Debug|Any CPU
		{4C16970B-0671-4D0A-978F-C2FB96E5EADD}.AppStore|iPhoneSimulator.ActiveCfg = Debug|Any CPU
		{4C16970B-0671-4D0A-978F-C2FB96E5EADD}.AppStore|iPhoneSimulator.Build.0 = Debug|Any CPU
		{4C16970B-0671-4D0A-978F-C2FB96E5EADD}.AppStore|x64.ActiveCfg = Debug|Any CPU
		{4C16970B-0671-4D0A-978F-C2FB96E5EADD}.AppStore|x64.Build.0 = Debug|Any CPU
		{4C16970B-0671-4D0A-978F-C2FB96E5EADD}.AppStore|x86.ActiveCfg = Debug|Any CPU
		{4C16970B-0671-4D0A-978F-C2FB96E5EADD}.AppStore|x86.Build.0 = Debug|Any CPU
		{4C16970B-0671-4D0A-978F-C2FB96E5EADD}.Debug|Any CPU.ActiveCfg = Debug|Any CPU
		{4C16970B-0671-4D0A-978F-C2FB96E5EADD}.Debug|Any CPU.Build.0 = Debug|Any CPU
		{4C16970B-0671-4D0A-978F-C2FB96E5EADD}.Debug|ARM.ActiveCfg = Debug|Any CPU
		{4C16970B-0671-4D0A-978F-C2FB96E5EADD}.Debug|ARM.Build.0 = Debug|Any CPU
		{4C16970B-0671-4D0A-978F-C2FB96E5EADD}.Debug|iPhone.ActiveCfg = Debug|Any CPU
		{4C16970B-0671-4D0A-978F-C2FB96E5EADD}.Debug|iPhone.Build.0 = Debug|Any CPU
		{4C16970B-0671-4D0A-978F-C2FB96E5EADD}.Debug|iPhoneSimulator.ActiveCfg = Debug|Any CPU
		{4C16970B-0671-4D0A-978F-C2FB96E5EADD}.Debug|iPhoneSimulator.Build.0 = Debug|Any CPU
		{4C16970B-0671-4D0A-978F-C2FB96E5EADD}.Debug|x64.ActiveCfg = Debug|Any CPU
		{4C16970B-0671-4D0A-978F-C2FB96E5EADD}.Debug|x64.Build.0 = Debug|Any CPU
		{4C16970B-0671-4D0A-978F-C2FB96E5EADD}.Debug|x86.ActiveCfg = Debug|Any CPU
		{4C16970B-0671-4D0A-978F-C2FB96E5EADD}.Debug|x86.Build.0 = Debug|Any CPU
		{4C16970B-0671-4D0A-978F-C2FB96E5EADD}.Release|Any CPU.ActiveCfg = Release|Any CPU
		{4C16970B-0671-4D0A-978F-C2FB96E5EADD}.Release|Any CPU.Build.0 = Release|Any CPU
		{4C16970B-0671-4D0A-978F-C2FB96E5EADD}.Release|ARM.ActiveCfg = Release|Any CPU
		{4C16970B-0671-4D0A-978F-C2FB96E5EADD}.Release|ARM.Build.0 = Release|Any CPU
		{4C16970B-0671-4D0A-978F-C2FB96E5EADD}.Release|iPhone.ActiveCfg = Release|Any CPU
		{4C16970B-0671-4D0A-978F-C2FB96E5EADD}.Release|iPhone.Build.0 = Release|Any CPU
		{4C16970B-0671-4D0A-978F-C2FB96E5EADD}.Release|iPhoneSimulator.ActiveCfg = Release|Any CPU
		{4C16970B-0671-4D0A-978F-C2FB96E5EADD}.Release|iPhoneSimulator.Build.0 = Release|Any CPU
		{4C16970B-0671-4D0A-978F-C2FB96E5EADD}.Release|x64.ActiveCfg = Release|Any CPU
		{4C16970B-0671-4D0A-978F-C2FB96E5EADD}.Release|x64.Build.0 = Release|Any CPU
		{4C16970B-0671-4D0A-978F-C2FB96E5EADD}.Release|x86.ActiveCfg = Release|Any CPU
		{4C16970B-0671-4D0A-978F-C2FB96E5EADD}.Release|x86.Build.0 = Release|Any CPU
		{AC034952-92C3-4C03-B333-D516598DCC20}.Ad-Hoc|Any CPU.ActiveCfg = Debug|Any CPU
		{AC034952-92C3-4C03-B333-D516598DCC20}.Ad-Hoc|Any CPU.Build.0 = Debug|Any CPU
		{AC034952-92C3-4C03-B333-D516598DCC20}.Ad-Hoc|ARM.ActiveCfg = Debug|Any CPU
		{AC034952-92C3-4C03-B333-D516598DCC20}.Ad-Hoc|ARM.Build.0 = Debug|Any CPU
		{AC034952-92C3-4C03-B333-D516598DCC20}.Ad-Hoc|iPhone.ActiveCfg = Debug|Any CPU
		{AC034952-92C3-4C03-B333-D516598DCC20}.Ad-Hoc|iPhone.Build.0 = Debug|Any CPU
		{AC034952-92C3-4C03-B333-D516598DCC20}.Ad-Hoc|iPhoneSimulator.ActiveCfg = Debug|Any CPU
		{AC034952-92C3-4C03-B333-D516598DCC20}.Ad-Hoc|iPhoneSimulator.Build.0 = Debug|Any CPU
		{AC034952-92C3-4C03-B333-D516598DCC20}.Ad-Hoc|x64.ActiveCfg = Debug|Any CPU
		{AC034952-92C3-4C03-B333-D516598DCC20}.Ad-Hoc|x64.Build.0 = Debug|Any CPU
		{AC034952-92C3-4C03-B333-D516598DCC20}.Ad-Hoc|x86.ActiveCfg = Debug|Any CPU
		{AC034952-92C3-4C03-B333-D516598DCC20}.Ad-Hoc|x86.Build.0 = Debug|Any CPU
		{AC034952-92C3-4C03-B333-D516598DCC20}.AppStore|Any CPU.ActiveCfg = Debug|Any CPU
		{AC034952-92C3-4C03-B333-D516598DCC20}.AppStore|Any CPU.Build.0 = Debug|Any CPU
		{AC034952-92C3-4C03-B333-D516598DCC20}.AppStore|ARM.ActiveCfg = Debug|Any CPU
		{AC034952-92C3-4C03-B333-D516598DCC20}.AppStore|ARM.Build.0 = Debug|Any CPU
		{AC034952-92C3-4C03-B333-D516598DCC20}.AppStore|iPhone.ActiveCfg = Debug|Any CPU
		{AC034952-92C3-4C03-B333-D516598DCC20}.AppStore|iPhone.Build.0 = Debug|Any CPU
		{AC034952-92C3-4C03-B333-D516598DCC20}.AppStore|iPhoneSimulator.ActiveCfg = Debug|Any CPU
		{AC034952-92C3-4C03-B333-D516598DCC20}.AppStore|iPhoneSimulator.Build.0 = Debug|Any CPU
		{AC034952-92C3-4C03-B333-D516598DCC20}.AppStore|x64.ActiveCfg = Debug|Any CPU
		{AC034952-92C3-4C03-B333-D516598DCC20}.AppStore|x64.Build.0 = Debug|Any CPU
		{AC034952-92C3-4C03-B333-D516598DCC20}.AppStore|x86.ActiveCfg = Debug|Any CPU
		{AC034952-92C3-4C03-B333-D516598DCC20}.AppStore|x86.Build.0 = Debug|Any CPU
		{AC034952-92C3-4C03-B333-D516598DCC20}.Debug|Any CPU.ActiveCfg = Debug|Any CPU
		{AC034952-92C3-4C03-B333-D516598DCC20}.Debug|Any CPU.Build.0 = Debug|Any CPU
		{AC034952-92C3-4C03-B333-D516598DCC20}.Debug|ARM.ActiveCfg = Debug|Any CPU
		{AC034952-92C3-4C03-B333-D516598DCC20}.Debug|ARM.Build.0 = Debug|Any CPU
		{AC034952-92C3-4C03-B333-D516598DCC20}.Debug|iPhone.ActiveCfg = Debug|Any CPU
		{AC034952-92C3-4C03-B333-D516598DCC20}.Debug|iPhone.Build.0 = Debug|Any CPU
		{AC034952-92C3-4C03-B333-D516598DCC20}.Debug|iPhoneSimulator.ActiveCfg = Debug|Any CPU
		{AC034952-92C3-4C03-B333-D516598DCC20}.Debug|iPhoneSimulator.Build.0 = Debug|Any CPU
		{AC034952-92C3-4C03-B333-D516598DCC20}.Debug|x64.ActiveCfg = Debug|Any CPU
		{AC034952-92C3-4C03-B333-D516598DCC20}.Debug|x64.Build.0 = Debug|Any CPU
		{AC034952-92C3-4C03-B333-D516598DCC20}.Debug|x86.ActiveCfg = Debug|Any CPU
		{AC034952-92C3-4C03-B333-D516598DCC20}.Debug|x86.Build.0 = Debug|Any CPU
		{AC034952-92C3-4C03-B333-D516598DCC20}.Release|Any CPU.ActiveCfg = Release|Any CPU
		{AC034952-92C3-4C03-B333-D516598DCC20}.Release|Any CPU.Build.0 = Release|Any CPU
		{AC034952-92C3-4C03-B333-D516598DCC20}.Release|ARM.ActiveCfg = Release|Any CPU
		{AC034952-92C3-4C03-B333-D516598DCC20}.Release|ARM.Build.0 = Release|Any CPU
		{AC034952-92C3-4C03-B333-D516598DCC20}.Release|iPhone.ActiveCfg = Release|Any CPU
		{AC034952-92C3-4C03-B333-D516598DCC20}.Release|iPhone.Build.0 = Release|Any CPU
		{AC034952-92C3-4C03-B333-D516598DCC20}.Release|iPhoneSimulator.ActiveCfg = Release|Any CPU
		{AC034952-92C3-4C03-B333-D516598DCC20}.Release|iPhoneSimulator.Build.0 = Release|Any CPU
		{AC034952-92C3-4C03-B333-D516598DCC20}.Release|x64.ActiveCfg = Release|Any CPU
		{AC034952-92C3-4C03-B333-D516598DCC20}.Release|x64.Build.0 = Release|Any CPU
		{AC034952-92C3-4C03-B333-D516598DCC20}.Release|x86.ActiveCfg = Release|Any CPU
		{AC034952-92C3-4C03-B333-D516598DCC20}.Release|x86.Build.0 = Release|Any CPU
	EndGlobalSection
	GlobalSection(SolutionProperties) = preSolution
		HideSolutionNode = FALSE
	EndGlobalSection
	GlobalSection(NestedProjects) = preSolution
		{6C26DB6C-E336-47CA-9930-1CFEBC352385} = {FEF2901D-6C75-4223-939A-05C7EA45E7B4}
		{80CF64A2-585B-48D4-A0FA-E1DB3E3E895A} = {FEF2901D-6C75-4223-939A-05C7EA45E7B4}
		{F3C5F5AB-E337-4B7A-8962-80720E97123B} = {FEF2901D-6C75-4223-939A-05C7EA45E7B4}
	EndGlobalSection
	GlobalSection(ExtensibilityGlobals) = postSolution
		SolutionGuid = {5ACEA3B6-9298-4AF4-9FAF-949097621952}
	EndGlobalSection
EndGlobal
